
Microsoft Visual Studio Solution File, Format Version 12.00
# Visual Studio 2013
VisualStudioVersion = 12.0.31101.0
MinimumVisualStudioVersion = 10.0.40219.1
Project("{FAE04EC0-301F-11D3-BF4B-00C04F79EFBC}") = "FeatureLocalizerCl", "FeatureLocalizerCl\FeatureLocalizerCl.csproj", "{C24ECBB2-C4DB-4E2F-B236-2E45DD34D605}"
EndProject
Project("{FAE04EC0-301F-11D3-BF4B-00C04F79EFBC}") = "FeatureLocalizer", "FeatureLocalizer\FeatureLocalizer.csproj", "{4B45CA51-B7DB-4771-A8FE-5F24B8EB47F7}"
EndProject
Project("{FAE04EC0-301F-11D3-BF4B-00C04F79EFBC}") = "FeatureLocalizer.Tests", "FeatureLocalizer.Tests\FeatureLocalizer.Tests.csproj", "{51C831C7-8984-4D0F-9DC1-B6D9F551DC0D}"
EndProject
Project("{FAE04EC0-301F-11D3-BF4B-00C04F79EFBC}") = "GherkinParser", "GherkinParser\GherkinParser.csproj", "{80F42D11-C50E-481A-9F32-733A1EBBC926}"
EndProject
Project("{FAE04EC0-301F-11D3-BF4B-00C04F79EFBC}") = "Gherkin", "Gherkin\Gherkin.csproj", "{370982B4-9938-4533-8EA1-6F9044B84130}"
EndProject
Project("{FAE04EC0-301F-11D3-BF4B-00C04F79EFBC}") = "TranslateApp", "TranslateApp\TranslateApp.csproj", "{81DC3A16-4410-4FB9-8F86-150ACFBE2EB1}"
EndProject
Global
	GlobalSection(SolutionConfigurationPlatforms) = preSolution
		Debug|Any CPU = Debug|Any CPU
		Release|Any CPU = Release|Any CPU
	EndGlobalSection
	GlobalSection(ProjectConfigurationPlatforms) = postSolution
		{C24ECBB2-C4DB-4E2F-B236-2E45DD34D605}.Debug|Any CPU.ActiveCfg = Debug|Any CPU
		{C24ECBB2-C4DB-4E2F-B236-2E45DD34D605}.Debug|Any CPU.Build.0 = Debug|Any CPU
		{C24ECBB2-C4DB-4E2F-B236-2E45DD34D605}.Release|Any CPU.ActiveCfg = Release|Any CPU
		{C24ECBB2-C4DB-4E2F-B236-2E45DD34D605}.Release|Any CPU.Build.0 = Release|Any CPU
		{4B45CA51-B7DB-4771-A8FE-5F24B8EB47F7}.Debug|Any CPU.ActiveCfg = Debug|Any CPU
		{4B45CA51-B7DB-4771-A8FE-5F24B8EB47F7}.Debug|Any CPU.Build.0 = Debug|Any CPU
		{4B45CA51-B7DB-4771-A8FE-5F24B8EB47F7}.Release|Any CPU.ActiveCfg = Release|Any CPU
		{4B45CA51-B7DB-4771-A8FE-5F24B8EB47F7}.Release|Any CPU.Build.0 = Release|Any CPU
		{51C831C7-8984-4D0F-9DC1-B6D9F551DC0D}.Debug|Any CPU.ActiveCfg = Debug|Any CPU
		{51C831C7-8984-4D0F-9DC1-B6D9F551DC0D}.Debug|Any CPU.Build.0 = Debug|Any CPU
		{51C831C7-8984-4D0F-9DC1-B6D9F551DC0D}.Release|Any CPU.ActiveCfg = Release|Any CPU
		{51C831C7-8984-4D0F-9DC1-B6D9F551DC0D}.Release|Any CPU.Build.0 = Release|Any CPU
		{80F42D11-C50E-481A-9F32-733A1EBBC926}.Debug|Any CPU.ActiveCfg = Debug|Any CPU
		{80F42D11-C50E-481A-9F32-733A1EBBC926}.Debug|Any CPU.Build.0 = Debug|Any CPU
		{80F42D11-C50E-481A-9F32-733A1EBBC926}.Release|Any CPU.ActiveCfg = Release|Any CPU
		{80F42D11-C50E-481A-9F32-733A1EBBC926}.Release|Any CPU.Build.0 = Release|Any CPU
		{370982B4-9938-4533-8EA1-6F9044B84130}.Debug|Any CPU.ActiveCfg = Debug|Any CPU
		{370982B4-9938-4533-8EA1-6F9044B84130}.Debug|Any CPU.Build.0 = Debug|Any CPU
		{370982B4-9938-4533-8EA1-6F9044B84130}.Release|Any CPU.ActiveCfg = Release|Any CPU
		{370982B4-9938-4533-8EA1-6F9044B84130}.Release|Any CPU.Build.0 = Release|Any CPU
		{81DC3A16-4410-4FB9-8F86-150ACFBE2EB1}.Debug|Any CPU.ActiveCfg = Debug|Any CPU
		{81DC3A16-4410-4FB9-8F86-150ACFBE2EB1}.Debug|Any CPU.Build.0 = Debug|Any CPU
		{81DC3A16-4410-4FB9-8F86-150ACFBE2EB1}.Release|Any CPU.ActiveCfg = Release|Any CPU
		{81DC3A16-4410-4FB9-8F86-150ACFBE2EB1}.Release|Any CPU.Build.0 = Release|Any CPU
	EndGlobalSection
	GlobalSection(SolutionProperties) = preSolution
		HideSolutionNode = FALSE
	EndGlobalSection
EndGlobal
